
Microsoft Visual Studio Solution File, Format Version 12.00
# Visual Studio Version 17
VisualStudioVersion = 17.9.34701.34
MinimumVisualStudioVersion = 10.0.40219.1
Project("{FAE04EC0-301F-11D3-BF4B-00C04F79EFBC}") = "ecommerco_proj", "ecommerco_proj\ecommerco_proj.csproj", "{F4FC72CD-D885-45CC-94E7-679A7EDE64BD}"
EndProject
Global
	GlobalSection(SolutionConfigurationPlatforms) = preSolution
		Debug|Any CPU = Debug|Any CPU
		Release|Any CPU = Release|Any CPU
	EndGlobalSection
	GlobalSection(ProjectConfigurationPlatforms) = postSolution
		{F4FC72CD-D885-45CC-94E7-679A7EDE64BD}.Debug|Any CPU.ActiveCfg = Debug|Any CPU
		{F4FC72CD-D885-45CC-94E7-679A7EDE64BD}.Debug|Any CPU.Build.0 = Debug|Any CPU
		{F4FC72CD-D885-45CC-94E7-679A7EDE64BD}.Release|Any CPU.ActiveCfg = Release|Any CPU
		{F4FC72CD-D885-45CC-94E7-679A7EDE64BD}.Release|Any CPU.Build.0 = Release|Any CPU
	EndGlobalSection
	GlobalSection(SolutionProperties) = preSolution
		HideSolutionNode = FALSE
	EndGlobalSection
	GlobalSection(ExtensibilityGlobals) = postSolution
		SolutionGuid = {3BE35C87-1F52-4447-A25D-7F307E937663}
	EndGlobalSection
EndGlobal
